
Microsoft Visual Studio Solution File, Format Version 12.00
# Visual Studio 15
VisualStudioVersion = 15.0.27004.2008
MinimumVisualStudioVersion = 10.0.40219.1
Project("{FAE04EC0-301F-11D3-BF4B-00C04F79EFBC}") = "Liigaasta", "Liigaasta\Liigaasta.csproj", "{B29FF737-78DF-4DCD-AD38-B54E0147F1B2}"
EndProject
Global
	GlobalSection(SolutionConfigurationPlatforms) = preSolution
		Debug|Any CPU = Debug|Any CPU
		Release|Any CPU = Release|Any CPU
	EndGlobalSection
	GlobalSection(ProjectConfigurationPlatforms) = postSolution
		{B29FF737-78DF-4DCD-AD38-B54E0147F1B2}.Debug|Any CPU.ActiveCfg = Debug|Any CPU
		{B29FF737-78DF-4DCD-AD38-B54E0147F1B2}.Debug|Any CPU.Build.0 = Debug|Any CPU
		{B29FF737-78DF-4DCD-AD38-B54E0147F1B2}.Release|Any CPU.ActiveCfg = Release|Any CPU
		{B29FF737-78DF-4DCD-AD38-B54E0147F1B2}.Release|Any CPU.Build.0 = Release|Any CPU
	EndGlobalSection
	GlobalSection(SolutionProperties) = preSolution
		HideSolutionNode = FALSE
	EndGlobalSection
	GlobalSection(ExtensibilityGlobals) = postSolution
		SolutionGuid = {DE43B6C7-E771-4BA8-AA69-A8D9D54CDD23}
	EndGlobalSection
EndGlobal
